
Microsoft Visual Studio Solution File, Format Version 12.00
# Visual Studio 15
VisualStudioVersion = 15.0.27004.2009
MinimumVisualStudioVersion = 10.0.40219.1
Project("{FAE04EC0-301F-11D3-BF4B-00C04F79EFBC}") = "WpfAppStudents", "WpfAppStudents\WpfAppStudents.csproj", "{1B600A3C-E6CF-46A0-BC24-724F8DD2489B}"
EndProject
Project("{FAE04EC0-301F-11D3-BF4B-00C04F79EFBC}") = "WpfAppCounter", "WpfAppCounter\WpfAppCounter.csproj", "{B209F740-79E6-49BD-9B47-9218CA6F0588}"
EndProject
Project("{FAE04EC0-301F-11D3-BF4B-00C04F79EFBC}") = "WpfAppListOfNumbers", "WpfAppListOfNumbers\WpfAppListOfNumbers.csproj", "{DEC6E8F4-14D3-4D98-8FFA-01D6587774EE}"
EndProject
Project("{FAE04EC0-301F-11D3-BF4B-00C04F79EFBC}") = "WpfAppStudentTemplate", "WpfAppStudentTemplate\WpfAppStudentTemplate.csproj", "{07EAF3DE-3A1A-431A-9ABD-5521BB40FEE6}"
EndProject
Project("{FAE04EC0-301F-11D3-BF4B-00C04F79EFBC}") = "UwpAppStudents", "UwpAppStudents\UwpAppStudents.csproj", "{9A0E7A1F-18D3-4D57-B230-78D458143621}"
EndProject
Project("{FAE04EC0-301F-11D3-BF4B-00C04F79EFBC}") = "UwpAppStudentsXBind", "UwpAppStudentsXBind\UwpAppStudentsXBind.csproj", "{E9832E62-2866-4792-AA05-6BCA6B993967}"
EndProject
Project("{D954291E-2A0B-460D-934E-DC6B0785DB48}") = "CrossPlatformStudents", "CrossPlatformStudents\CrossPlatformStudents\CrossPlatformStudents.shproj", "{3D8D7730-C4EF-428F-BBC5-22D31BC7F7E3}"
EndProject
Project("{FAE04EC0-301F-11D3-BF4B-00C04F79EFBC}") = "CrossPlatformStudents.Android", "CrossPlatformStudents\CrossPlatformStudents.Android\CrossPlatformStudents.Android.csproj", "{1AFB2290-8A98-4410-A385-4F1DC38192FE}"
EndProject
Project("{FAE04EC0-301F-11D3-BF4B-00C04F79EFBC}") = "CrossPlatformStudents.iOS", "CrossPlatformStudents\CrossPlatformStudents.iOS\CrossPlatformStudents.iOS.csproj", "{17961CD9-DAAA-4259-8075-5D30D12716AF}"
EndProject
Project("{FAE04EC0-301F-11D3-BF4B-00C04F79EFBC}") = "CrossPlatformStudents.UWP", "CrossPlatformStudents\CrossPlatformStudents.UWP\CrossPlatformStudents.UWP.csproj", "{04A4DBF6-BB9C-4B79-AFE3-3B9702CC7FAA}"
EndProject
Project("{2150E333-8FDC-42A3-9474-1A3956D46DE8}") = "CrossPlatform", "CrossPlatform", "{6F612D30-F789-4F72-8024-E02E4703333D}"
EndProject
Global
	GlobalSection(SharedMSBuildProjectFiles) = preSolution
		CrossPlatformStudents\CrossPlatformStudents\CrossPlatformStudents.projitems*{17961cd9-daaa-4259-8075-5d30d12716af}*SharedItemsImports = 4
		CrossPlatformStudents\CrossPlatformStudents\CrossPlatformStudents.projitems*{1afb2290-8a98-4410-a385-4f1dc38192fe}*SharedItemsImports = 4
		CrossPlatformStudents\CrossPlatformStudents\CrossPlatformStudents.projitems*{3d8d7730-c4ef-428f-bbc5-22d31bc7f7e3}*SharedItemsImports = 13
	EndGlobalSection
	GlobalSection(SolutionConfigurationPlatforms) = preSolution
		Ad-Hoc|Any CPU = Ad-Hoc|Any CPU
		Ad-Hoc|ARM = Ad-Hoc|ARM
		Ad-Hoc|iPhone = Ad-Hoc|iPhone
		Ad-Hoc|iPhoneSimulator = Ad-Hoc|iPhoneSimulator
		Ad-Hoc|x64 = Ad-Hoc|x64
		Ad-Hoc|x86 = Ad-Hoc|x86
		AppStore|Any CPU = AppStore|Any CPU
		AppStore|ARM = AppStore|ARM
		AppStore|iPhone = AppStore|iPhone
		AppStore|iPhoneSimulator = AppStore|iPhoneSimulator
		AppStore|x64 = AppStore|x64
		AppStore|x86 = AppStore|x86
		Debug|Any CPU = Debug|Any CPU
		Debug|ARM = Debug|ARM
		Debug|iPhone = Debug|iPhone
		Debug|iPhoneSimulator = Debug|iPhoneSimulator
		Debug|x64 = Debug|x64
		Debug|x86 = Debug|x86
		Release|Any CPU = Release|Any CPU
		Release|ARM = Release|ARM
		Release|iPhone = Release|iPhone
		Release|iPhoneSimulator = Release|iPhoneSimulator
		Release|x64 = Release|x64
		Release|x86 = Release|x86
	EndGlobalSection
	GlobalSection(ProjectConfigurationPlatforms) = postSolution
		{1B600A3C-E6CF-46A0-BC24-724F8DD2489B}.Ad-Hoc|Any CPU.ActiveCfg = Release|Any CPU
		{1B600A3C-E6CF-46A0-BC24-724F8DD2489B}.Ad-Hoc|Any CPU.Build.0 = Release|Any CPU
		{1B600A3C-E6CF-46A0-BC24-724F8DD2489B}.Ad-Hoc|ARM.ActiveCfg = Release|Any CPU
		{1B600A3C-E6CF-46A0-BC24-724F8DD2489B}.Ad-Hoc|ARM.Build.0 = Release|Any CPU
		{1B600A3C-E6CF-46A0-BC24-724F8DD2489B}.Ad-Hoc|iPhone.ActiveCfg = Release|Any CPU
		{1B600A3C-E6CF-46A0-BC24-724F8DD2489B}.Ad-Hoc|iPhone.Build.0 = Release|Any CPU
		{1B600A3C-E6CF-46A0-BC24-724F8DD2489B}.Ad-Hoc|iPhoneSimulator.ActiveCfg = Release|Any CPU
		{1B600A3C-E6CF-46A0-BC24-724F8DD2489B}.Ad-Hoc|iPhoneSimulator.Build.0 = Release|Any CPU
		{1B600A3C-E6CF-46A0-BC24-724F8DD2489B}.Ad-Hoc|x64.ActiveCfg = Release|Any CPU
		{1B600A3C-E6CF-46A0-BC24-724F8DD2489B}.Ad-Hoc|x64.Build.0 = Release|Any CPU
		{1B600A3C-E6CF-46A0-BC24-724F8DD2489B}.Ad-Hoc|x86.ActiveCfg = Release|Any CPU
		{1B600A3C-E6CF-46A0-BC24-724F8DD2489B}.Ad-Hoc|x86.Build.0 = Release|Any CPU
		{1B600A3C-E6CF-46A0-BC24-724F8DD2489B}.AppStore|Any CPU.ActiveCfg = Release|Any CPU
		{1B600A3C-E6CF-46A0-BC24-724F8DD2489B}.AppStore|Any CPU.Build.0 = Release|Any CPU
		{1B600A3C-E6CF-46A0-BC24-724F8DD2489B}.AppStore|ARM.ActiveCfg = Release|Any CPU
		{1B600A3C-E6CF-46A0-BC24-724F8DD2489B}.AppStore|ARM.Build.0 = Release|Any CPU
		{1B600A3C-E6CF-46A0-BC24-724F8DD2489B}.AppStore|iPhone.ActiveCfg = Release|Any CPU
		{1B600A3C-E6CF-46A0-BC24-724F8DD2489B}.AppStore|iPhone.Build.0 = Release|Any CPU
		{1B600A3C-E6CF-46A0-BC24-724F8DD2489B}.AppStore|iPhoneSimulator.ActiveCfg = Release|Any CPU
		{1B600A3C-E6CF-46A0-BC24-724F8DD2489B}.AppStore|iPhoneSimulator.Build.0 = Release|Any CPU
		{1B600A3C-E6CF-46A0-BC24-724F8DD2489B}.AppStore|x64.ActiveCfg = Release|Any CPU
		{1B600A3C-E6CF-46A0-BC24-724F8DD2489B}.AppStore|x64.Build.0 = Release|Any CPU
		{1B600A3C-E6CF-46A0-BC24-724F8DD2489B}.AppStore|x86.ActiveCfg = Release|Any CPU
		{1B600A3C-E6CF-46A0-BC24-724F8DD2489B}.AppStore|x86.Build.0 = Release|Any CPU
		{1B600A3C-E6CF-46A0-BC24-724F8DD2489B}.Debug|Any CPU.ActiveCfg = Debug|Any CPU
		{1B600A3C-E6CF-46A0-BC24-724F8DD2489B}.Debug|Any CPU.Build.0 = Debug|Any CPU
		{1B600A3C-E6CF-46A0-BC24-724F8DD2489B}.Debug|ARM.ActiveCfg = Debug|Any CPU
		{1B600A3C-E6CF-46A0-BC24-724F8DD2489B}.Debug|ARM.Build.0 = Debug|Any CPU
		{1B600A3C-E6CF-46A0-BC24-724F8DD2489B}.Debug|iPhone.ActiveCfg = Debug|Any CPU
		{1B600A3C-E6CF-46A0-BC24-724F8DD2489B}.Debug|iPhone.Build.0 = Debug|Any CPU
		{1B600A3C-E6CF-46A0-BC24-724F8DD2489B}.Debug|iPhoneSimulator.ActiveCfg = Debug|Any CPU
		{1B600A3C-E6CF-46A0-BC24-724F8DD2489B}.Debug|iPhoneSimulator.Build.0 = Debug|Any CPU
		{1B600A3C-E6CF-46A0-BC24-724F8DD2489B}.Debug|x64.ActiveCfg = Debug|Any CPU
		{1B600A3C-E6CF-46A0-BC24-724F8DD2489B}.Debug|x64.Build.0 = Debug|Any CPU
		{1B600A3C-E6CF-46A0-BC24-724F8DD2489B}.Debug|x86.ActiveCfg = Debug|Any CPU
		{1B600A3C-E6CF-46A0-BC24-724F8DD2489B}.Debug|x86.Build.0 = Debug|Any CPU
		{1B600A3C-E6CF-46A0-BC24-724F8DD2489B}.Release|Any CPU.ActiveCfg = Release|Any CPU
		{1B600A3C-E6CF-46A0-BC24-724F8DD2489B}.Release|Any CPU.Build.0 = Release|Any CPU
		{1B600A3C-E6CF-46A0-BC24-724F8DD2489B}.Release|ARM.ActiveCfg = Release|Any CPU
		{1B600A3C-E6CF-46A0-BC24-724F8DD2489B}.Release|ARM.Build.0 = Release|Any CPU
		{1B600A3C-E6CF-46A0-BC24-724F8DD2489B}.Release|iPhone.ActiveCfg = Release|Any CPU
		{1B600A3C-E6CF-46A0-BC24-724F8DD2489B}.Release|iPhone.Build.0 = Release|Any CPU
		{1B600A3C-E6CF-46A0-BC24-724F8DD2489B}.Release|iPhoneSimulator.ActiveCfg = Release|Any CPU
		{1B600A3C-E6CF-46A0-BC24-724F8DD2489B}.Release|iPhoneSimulator.Build.0 = Release|Any CPU
		{1B600A3C-E6CF-46A0-BC24-724F8DD2489B}.Release|x64.ActiveCfg = Release|Any CPU
		{1B600A3C-E6CF-46A0-BC24-724F8DD2489B}.Release|x64.Build.0 = Release|Any CPU
		{1B600A3C-E6CF-46A0-BC24-724F8DD2489B}.Release|x86.ActiveCfg = Release|Any CPU
		{1B600A3C-E6CF-46A0-BC24-724F8DD2489B}.Release|x86.Build.0 = Release|Any CPU
		{B209F740-79E6-49BD-9B47-9218CA6F0588}.Ad-Hoc|Any CPU.ActiveCfg = Release|Any CPU
		{B209F740-79E6-49BD-9B47-9218CA6F0588}.Ad-Hoc|Any CPU.Build.0 = Release|Any CPU
		{B209F740-79E6-49BD-9B47-9218CA6F0588}.Ad-Hoc|ARM.ActiveCfg = Release|Any CPU
		{B209F740-79E6-49BD-9B47-9218CA6F0588}.Ad-Hoc|ARM.Build.0 = Release|Any CPU
		{B209F740-79E6-49BD-9B47-9218CA6F0588}.Ad-Hoc|iPhone.ActiveCfg = Release|Any CPU
		{B209F740-79E6-49BD-9B47-9218CA6F0588}.Ad-Hoc|iPhone.Build.0 = Release|Any CPU
		{B209F740-79E6-49BD-9B47-9218CA6F0588}.Ad-Hoc|iPhoneSimulator.ActiveCfg = Release|Any CPU
		{B209F740-79E6-49BD-9B47-9218CA6F0588}.Ad-Hoc|iPhoneSimulator.Build.0 = Release|Any CPU
		{B209F740-79E6-49BD-9B47-9218CA6F0588}.Ad-Hoc|x64.ActiveCfg = Release|Any CPU
		{B209F740-79E6-49BD-9B47-9218CA6F0588}.Ad-Hoc|x64.Build.0 = Release|Any CPU
		{B209F740-79E6-49BD-9B47-9218CA6F0588}.Ad-Hoc|x86.ActiveCfg = Release|Any CPU
		{B209F740-79E6-49BD-9B47-9218CA6F0588}.Ad-Hoc|x86.Build.0 = Release|Any CPU
		{B209F740-79E6-49BD-9B47-9218CA6F0588}.AppStore|Any CPU.ActiveCfg = Release|Any CPU
		{B209F740-79E6-49BD-9B47-9218CA6F0588}.AppStore|Any CPU.Build.0 = Release|Any CPU
		{B209F740-79E6-49BD-9B47-9218CA6F0588}.AppStore|ARM.ActiveCfg = Release|Any CPU
		{B209F740-79E6-49BD-9B47-9218CA6F0588}.AppStore|ARM.Build.0 = Release|Any CPU
		{B209F740-79E6-49BD-9B47-9218CA6F0588}.AppStore|iPhone.ActiveCfg = Release|Any CPU
		{B209F740-79E6-49BD-9B47-9218CA6F0588}.AppStore|iPhone.Build.0 = Release|Any CPU
		{B209F740-79E6-49BD-9B47-9218CA6F0588}.AppStore|iPhoneSimulator.ActiveCfg = Release|Any CPU
		{B209F740-79E6-49BD-9B47-9218CA6F0588}.AppStore|iPhoneSimulator.Build.0 = Release|Any CPU
		{B209F740-79E6-49BD-9B47-9218CA6F0588}.AppStore|x64.ActiveCfg = Release|Any CPU
		{B209F740-79E6-49BD-9B47-9218CA6F0588}.AppStore|x64.Build.0 = Release|Any CPU
		{B209F740-79E6-49BD-9B47-9218CA6F0588}.AppStore|x86.ActiveCfg = Release|Any CPU
		{B209F740-79E6-49BD-9B47-9218CA6F0588}.AppStore|x86.Build.0 = Release|Any CPU
		{B209F740-79E6-49BD-9B47-9218CA6F0588}.Debug|Any CPU.ActiveCfg = Debug|Any CPU
		{B209F740-79E6-49BD-9B47-9218CA6F0588}.Debug|Any CPU.Build.0 = Debug|Any CPU
		{B209F740-79E6-49BD-9B47-9218CA6F0588}.Debug|ARM.ActiveCfg = Debug|Any CPU
		{B209F740-79E6-49BD-9B47-9218CA6F0588}.Debug|ARM.Build.0 = Debug|Any CPU
		{B209F740-79E6-49BD-9B47-9218CA6F0588}.Debug|iPhone.ActiveCfg = Debug|Any CPU
		{B209F740-79E6-49BD-9B47-9218CA6F0588}.Debug|iPhone.Build.0 = Debug|Any CPU
		{B209F740-79E6-49BD-9B47-9218CA6F0588}.Debug|iPhoneSimulator.ActiveCfg = Debug|Any CPU
		{B209F740-79E6-49BD-9B47-9218CA6F0588}.Debug|iPhoneSimulator.Build.0 = Debug|Any CPU
		{B209F740-79E6-49BD-9B47-9218CA6F0588}.Debug|x64.ActiveCfg = Debug|Any CPU
		{B209F740-79E6-49BD-9B47-9218CA6F0588}.Debug|x64.Build.0 = Debug|Any CPU
		{B209F740-79E6-49BD-9B47-9218CA6F0588}.Debug|x86.ActiveCfg = Debug|Any CPU
		{B209F740-79E6-49BD-9B47-9218CA6F0588}.Debug|x86.Build.0 = Debug|Any CPU
		{B209F740-79E6-49BD-9B47-9218CA6F0588}.Release|Any CPU.ActiveCfg = Release|Any CPU
		{B209F740-79E6-49BD-9B47-9218CA6F0588}.Release|Any CPU.Build.0 = Release|Any CPU
		{B209F740-79E6-49BD-9B47-9218CA6F0588}.Release|ARM.ActiveCfg = Release|Any CPU
		{B209F740-79E6-49BD-9B47-9218CA6F0588}.Release|ARM.Build.0 = Release|Any CPU
		{B209F740-79E6-49BD-9B47-9218CA6F0588}.Release|iPhone.ActiveCfg = Release|Any CPU
		{B209F740-79E6-49BD-9B47-9218CA6F0588}.Release|iPhone.Build.0 = Release|Any CPU
		{B209F740-79E6-49BD-9B47-9218CA6F0588}.Release|iPhoneSimulator.ActiveCfg = Release|Any CPU
		{B209F740-79E6-49BD-9B47-9218CA6F0588}.Release|iPhoneSimulator.Build.0 = Release|Any CPU
		{B209F740-79E6-49BD-9B47-9218CA6F0588}.Release|x64.ActiveCfg = Release|Any CPU
		{B209F740-79E6-49BD-9B47-9218CA6F0588}.Release|x64.Build.0 = Release|Any CPU
		{B209F740-79E6-49BD-9B47-9218CA6F0588}.Release|x86.ActiveCfg = Release|Any CPU
		{B209F740-79E6-49BD-9B47-9218CA6F0588}.Release|x86.Build.0 = Release|Any CPU
		{DEC6E8F4-14D3-4D98-8FFA-01D6587774EE}.Ad-Hoc|Any CPU.ActiveCfg = Release|Any CPU
		{DEC6E8F4-14D3-4D98-8FFA-01D6587774EE}.Ad-Hoc|Any CPU.Build.0 = Release|Any CPU
		{DEC6E8F4-14D3-4D98-8FFA-01D6587774EE}.Ad-Hoc|ARM.ActiveCfg = Release|Any CPU
		{DEC6E8F4-14D3-4D98-8FFA-01D6587774EE}.Ad-Hoc|ARM.Build.0 = Release|Any CPU
		{DEC6E8F4-14D3-4D98-8FFA-01D6587774EE}.Ad-Hoc|iPhone.ActiveCfg = Release|Any CPU
		{DEC6E8F4-14D3-4D98-8FFA-01D6587774EE}.Ad-Hoc|iPhone.Build.0 = Release|Any CPU
		{DEC6E8F4-14D3-4D98-8FFA-01D6587774EE}.Ad-Hoc|iPhoneSimulator.ActiveCfg = Release|Any CPU
		{DEC6E8F4-14D3-4D98-8FFA-01D6587774EE}.Ad-Hoc|iPhoneSimulator.Build.0 = Release|Any CPU
		{DEC6E8F4-14D3-4D98-8FFA-01D6587774EE}.Ad-Hoc|x64.ActiveCfg = Release|Any CPU
		{DEC6E8F4-14D3-4D98-8FFA-01D6587774EE}.Ad-Hoc|x64.Build.0 = Release|Any CPU
		{DEC6E8F4-14D3-4D98-8FFA-01D6587774EE}.Ad-Hoc|x86.ActiveCfg = Release|Any CPU
		{DEC6E8F4-14D3-4D98-8FFA-01D6587774EE}.Ad-Hoc|x86.Build.0 = Release|Any CPU
		{DEC6E8F4-14D3-4D98-8FFA-01D6587774EE}.AppStore|Any CPU.ActiveCfg = Release|Any CPU
		{DEC6E8F4-14D3-4D98-8FFA-01D6587774EE}.AppStore|Any CPU.Build.0 = Release|Any CPU
		{DEC6E8F4-14D3-4D98-8FFA-01D6587774EE}.AppStore|ARM.ActiveCfg = Release|Any CPU
		{DEC6E8F4-14D3-4D98-8FFA-01D6587774EE}.AppStore|ARM.Build.0 = Release|Any CPU
		{DEC6E8F4-14D3-4D98-8FFA-01D6587774EE}.AppStore|iPhone.ActiveCfg = Release|Any CPU
		{DEC6E8F4-14D3-4D98-8FFA-01D6587774EE}.AppStore|iPhone.Build.0 = Release|Any CPU
		{DEC6E8F4-14D3-4D98-8FFA-01D6587774EE}.AppStore|iPhoneSimulator.ActiveCfg = Release|Any CPU
		{DEC6E8F4-14D3-4D98-8FFA-01D6587774EE}.AppStore|iPhoneSimulator.Build.0 = Release|Any CPU
		{DEC6E8F4-14D3-4D98-8FFA-01D6587774EE}.AppStore|x64.ActiveCfg = Release|Any CPU
		{DEC6E8F4-14D3-4D98-8FFA-01D6587774EE}.AppStore|x64.Build.0 = Release|Any CPU
		{DEC6E8F4-14D3-4D98-8FFA-01D6587774EE}.AppStore|x86.ActiveCfg = Release|Any CPU
		{DEC6E8F4-14D3-4D98-8FFA-01D6587774EE}.AppStore|x86.Build.0 = Release|Any CPU
		{DEC6E8F4-14D3-4D98-8FFA-01D6587774EE}.Debug|Any CPU.ActiveCfg = Debug|Any CPU
		{DEC6E8F4-14D3-4D98-8FFA-01D6587774EE}.Debug|Any CPU.Build.0 = Debug|Any CPU
		{DEC6E8F4-14D3-4D98-8FFA-01D6587774EE}.Debug|ARM.ActiveCfg = Debug|Any CPU
		{DEC6E8F4-14D3-4D98-8FFA-01D6587774EE}.Debug|ARM.Build.0 = Debug|Any CPU
		{DEC6E8F4-14D3-4D98-8FFA-01D6587774EE}.Debug|iPhone.ActiveCfg = Debug|Any CPU
		{DEC6E8F4-14D3-4D98-8FFA-01D6587774EE}.Debug|iPhone.Build.0 = Debug|Any CPU
		{DEC6E8F4-14D3-4D98-8FFA-01D6587774EE}.Debug|iPhoneSimulator.ActiveCfg = Debug|Any CPU
		{DEC6E8F4-14D3-4D98-8FFA-01D6587774EE}.Debug|iPhoneSimulator.Build.0 = Debug|Any CPU
		{DEC6E8F4-14D3-4D98-8FFA-01D6587774EE}.Debug|x64.ActiveCfg = Debug|Any CPU
		{DEC6E8F4-14D3-4D98-8FFA-01D6587774EE}.Debug|x64.Build.0 = Debug|Any CPU
		{DEC6E8F4-14D3-4D98-8FFA-01D6587774EE}.Debug|x86.ActiveCfg = Debug|Any CPU
		{DEC6E8F4-14D3-4D98-8FFA-01D6587774EE}.Debug|x86.Build.0 = Debug|Any CPU
		{DEC6E8F4-14D3-4D98-8FFA-01D6587774EE}.Release|Any CPU.ActiveCfg = Release|Any CPU
		{DEC6E8F4-14D3-4D98-8FFA-01D6587774EE}.Release|Any CPU.Build.0 = Release|Any CPU
		{DEC6E8F4-14D3-4D98-8FFA-01D6587774EE}.Release|ARM.ActiveCfg = Release|Any CPU
		{DEC6E8F4-14D3-4D98-8FFA-01D6587774EE}.Release|ARM.Build.0 = Release|Any CPU
		{DEC6E8F4-14D3-4D98-8FFA-01D6587774EE}.Release|iPhone.ActiveCfg = Release|Any CPU
		{DEC6E8F4-14D3-4D98-8FFA-01D6587774EE}.Release|iPhone.Build.0 = Release|Any CPU
		{DEC6E8F4-14D3-4D98-8FFA-01D6587774EE}.Release|iPhoneSimulator.ActiveCfg = Release|Any CPU
		{DEC6E8F4-14D3-4D98-8FFA-01D6587774EE}.Release|iPhoneSimulator.Build.0 = Release|Any CPU
		{DEC6E8F4-14D3-4D98-8FFA-01D6587774EE}.Release|x64.ActiveCfg = Release|Any CPU
		{DEC6E8F4-14D3-4D98-8FFA-01D6587774EE}.Release|x64.Build.0 = Release|Any CPU
		{DEC6E8F4-14D3-4D98-8FFA-01D6587774EE}.Release|x86.ActiveCfg = Release|Any CPU
		{DEC6E8F4-14D3-4D98-8FFA-01D6587774EE}.Release|x86.Build.0 = Release|Any CPU
		{07EAF3DE-3A1A-431A-9ABD-5521BB40FEE6}.Ad-Hoc|Any CPU.ActiveCfg = Release|Any CPU
		{07EAF3DE-3A1A-431A-9ABD-5521BB40FEE6}.Ad-Hoc|Any CPU.Build.0 = Release|Any CPU
		{07EAF3DE-3A1A-431A-9ABD-5521BB40FEE6}.Ad-Hoc|ARM.ActiveCfg = Release|Any CPU
		{07EAF3DE-3A1A-431A-9ABD-5521BB40FEE6}.Ad-Hoc|ARM.Build.0 = Release|Any CPU
		{07EAF3DE-3A1A-431A-9ABD-5521BB40FEE6}.Ad-Hoc|iPhone.ActiveCfg = Release|Any CPU
		{07EAF3DE-3A1A-431A-9ABD-5521BB40FEE6}.Ad-Hoc|iPhone.Build.0 = Release|Any CPU
		{07EAF3DE-3A1A-431A-9ABD-5521BB40FEE6}.Ad-Hoc|iPhoneSimulator.ActiveCfg = Release|Any CPU
		{07EAF3DE-3A1A-431A-9ABD-5521BB40FEE6}.Ad-Hoc|iPhoneSimulator.Build.0 = Release|Any CPU
		{07EAF3DE-3A1A-431A-9ABD-5521BB40FEE6}.Ad-Hoc|x64.ActiveCfg = Release|Any CPU
		{07EAF3DE-3A1A-431A-9ABD-5521BB40FEE6}.Ad-Hoc|x64.Build.0 = Release|Any CPU
		{07EAF3DE-3A1A-431A-9ABD-5521BB40FEE6}.Ad-Hoc|x86.ActiveCfg = Release|Any CPU
		{07EAF3DE-3A1A-431A-9ABD-5521BB40FEE6}.Ad-Hoc|x86.Build.0 = Release|Any CPU
		{07EAF3DE-3A1A-431A-9ABD-5521BB40FEE6}.AppStore|Any CPU.ActiveCfg = Release|Any CPU
		{07EAF3DE-3A1A-431A-9ABD-5521BB40FEE6}.AppStore|Any CPU.Build.0 = Release|Any CPU
		{07EAF3DE-3A1A-431A-9ABD-5521BB40FEE6}.AppStore|ARM.ActiveCfg = Release|Any CPU
		{07EAF3DE-3A1A-431A-9ABD-5521BB40FEE6}.AppStore|ARM.Build.0 = Release|Any CPU
		{07EAF3DE-3A1A-431A-9ABD-5521BB40FEE6}.AppStore|iPhone.ActiveCfg = Release|Any CPU
		{07EAF3DE-3A1A-431A-9ABD-5521BB40FEE6}.AppStore|iPhone.Build.0 = Release|Any CPU
		{07EAF3DE-3A1A-431A-9ABD-5521BB40FEE6}.AppStore|iPhoneSimulator.ActiveCfg = Release|Any CPU
		{07EAF3DE-3A1A-431A-9ABD-5521BB40FEE6}.AppStore|iPhoneSimulator.Build.0 = Release|Any CPU
		{07EAF3DE-3A1A-431A-9ABD-5521BB40FEE6}.AppStore|x64.ActiveCfg = Release|Any CPU
		{07EAF3DE-3A1A-431A-9ABD-5521BB40FEE6}.AppStore|x64.Build.0 = Release|Any CPU
		{07EAF3DE-3A1A-431A-9ABD-5521BB40FEE6}.AppStore|x86.ActiveCfg = Release|Any CPU
		{07EAF3DE-3A1A-431A-9ABD-5521BB40FEE6}.AppStore|x86.Build.0 = Release|Any CPU
		{07EAF3DE-3A1A-431A-9ABD-5521BB40FEE6}.Debug|Any CPU.ActiveCfg = Debug|Any CPU
		{07EAF3DE-3A1A-431A-9ABD-5521BB40FEE6}.Debug|Any CPU.Build.0 = Debug|Any CPU
		{07EAF3DE-3A1A-431A-9ABD-5521BB40FEE6}.Debug|ARM.ActiveCfg = Debug|Any CPU
		{07EAF3DE-3A1A-431A-9ABD-5521BB40FEE6}.Debug|ARM.Build.0 = Debug|Any CPU
		{07EAF3DE-3A1A-431A-9ABD-5521BB40FEE6}.Debug|iPhone.ActiveCfg = Debug|Any CPU
		{07EAF3DE-3A1A-431A-9ABD-5521BB40FEE6}.Debug|iPhone.Build.0 = Debug|Any CPU
		{07EAF3DE-3A1A-431A-9ABD-5521BB40FEE6}.Debug|iPhoneSimulator.ActiveCfg = Debug|Any CPU
		{07EAF3DE-3A1A-431A-9ABD-5521BB40FEE6}.Debug|iPhoneSimulator.Build.0 = Debug|Any CPU
		{07EAF3DE-3A1A-431A-9ABD-5521BB40FEE6}.Debug|x64.ActiveCfg = Debug|Any CPU
		{07EAF3DE-3A1A-431A-9ABD-5521BB40FEE6}.Debug|x64.Build.0 = Debug|Any CPU
		{07EAF3DE-3A1A-431A-9ABD-5521BB40FEE6}.Debug|x86.ActiveCfg = Debug|Any CPU
		{07EAF3DE-3A1A-431A-9ABD-5521BB40FEE6}.Debug|x86.Build.0 = Debug|Any CPU
		{07EAF3DE-3A1A-431A-9ABD-5521BB40FEE6}.Release|Any CPU.ActiveCfg = Release|Any CPU
		{07EAF3DE-3A1A-431A-9ABD-5521BB40FEE6}.Release|Any CPU.Build.0 = Release|Any CPU
		{07EAF3DE-3A1A-431A-9ABD-5521BB40FEE6}.Release|ARM.ActiveCfg = Release|Any CPU
		{07EAF3DE-3A1A-431A-9ABD-5521BB40FEE6}.Release|ARM.Build.0 = Release|Any CPU
		{07EAF3DE-3A1A-431A-9ABD-5521BB40FEE6}.Release|iPhone.ActiveCfg = Release|Any CPU
		{07EAF3DE-3A1A-431A-9ABD-5521BB40FEE6}.Release|iPhone.Build.0 = Release|Any CPU
		{07EAF3DE-3A1A-431A-9ABD-5521BB40FEE6}.Release|iPhoneSimulator.ActiveCfg = Release|Any CPU
		{07EAF3DE-3A1A-431A-9ABD-5521BB40FEE6}.Release|iPhoneSimulator.Build.0 = Release|Any CPU
		{07EAF3DE-3A1A-431A-9ABD-5521BB40FEE6}.Release|x64.ActiveCfg = Release|Any CPU
		{07EAF3DE-3A1A-431A-9ABD-5521BB40FEE6}.Release|x64.Build.0 = Release|Any CPU
		{07EAF3DE-3A1A-431A-9ABD-5521BB40FEE6}.Release|x86.ActiveCfg = Release|Any CPU
		{07EAF3DE-3A1A-431A-9ABD-5521BB40FEE6}.Release|x86.Build.0 = Release|Any CPU
		{9A0E7A1F-18D3-4D57-B230-78D458143621}.Ad-Hoc|Any CPU.ActiveCfg = Release|x64
		{9A0E7A1F-18D3-4D57-B230-78D458143621}.Ad-Hoc|Any CPU.Build.0 = Release|x64
		{9A0E7A1F-18D3-4D57-B230-78D458143621}.Ad-Hoc|Any CPU.Deploy.0 = Release|x64
		{9A0E7A1F-18D3-4D57-B230-78D458143621}.Ad-Hoc|ARM.ActiveCfg = Release|ARM
		{9A0E7A1F-18D3-4D57-B230-78D458143621}.Ad-Hoc|ARM.Build.0 = Release|ARM
		{9A0E7A1F-18D3-4D57-B230-78D458143621}.Ad-Hoc|ARM.Deploy.0 = Release|ARM
		{9A0E7A1F-18D3-4D57-B230-78D458143621}.Ad-Hoc|iPhone.ActiveCfg = Release|x64
		{9A0E7A1F-18D3-4D57-B230-78D458143621}.Ad-Hoc|iPhone.Build.0 = Release|x64
		{9A0E7A1F-18D3-4D57-B230-78D458143621}.Ad-Hoc|iPhone.Deploy.0 = Release|x64
		{9A0E7A1F-18D3-4D57-B230-78D458143621}.Ad-Hoc|iPhoneSimulator.ActiveCfg = Release|x64
		{9A0E7A1F-18D3-4D57-B230-78D458143621}.Ad-Hoc|iPhoneSimulator.Build.0 = Release|x64
		{9A0E7A1F-18D3-4D57-B230-78D458143621}.Ad-Hoc|iPhoneSimulator.Deploy.0 = Release|x64
		{9A0E7A1F-18D3-4D57-B230-78D458143621}.Ad-Hoc|x64.ActiveCfg = Release|x64
		{9A0E7A1F-18D3-4D57-B230-78D458143621}.Ad-Hoc|x64.Build.0 = Release|x64
		{9A0E7A1F-18D3-4D57-B230-78D458143621}.Ad-Hoc|x64.Deploy.0 = Release|x64
		{9A0E7A1F-18D3-4D57-B230-78D458143621}.Ad-Hoc|x86.ActiveCfg = Release|x86
		{9A0E7A1F-18D3-4D57-B230-78D458143621}.Ad-Hoc|x86.Build.0 = Release|x86
		{9A0E7A1F-18D3-4D57-B230-78D458143621}.Ad-Hoc|x86.Deploy.0 = Release|x86
		{9A0E7A1F-18D3-4D57-B230-78D458143621}.AppStore|Any CPU.ActiveCfg = Release|x64
		{9A0E7A1F-18D3-4D57-B230-78D458143621}.AppStore|Any CPU.Build.0 = Release|x64
		{9A0E7A1F-18D3-4D57-B230-78D458143621}.AppStore|Any CPU.Deploy.0 = Release|x64
		{9A0E7A1F-18D3-4D57-B230-78D458143621}.AppStore|ARM.ActiveCfg = Release|ARM
		{9A0E7A1F-18D3-4D57-B230-78D458143621}.AppStore|ARM.Build.0 = Release|ARM
		{9A0E7A1F-18D3-4D57-B230-78D458143621}.AppStore|ARM.Deploy.0 = Release|ARM
		{9A0E7A1F-18D3-4D57-B230-78D458143621}.AppStore|iPhone.ActiveCfg = Release|x64
		{9A0E7A1F-18D3-4D57-B230-78D458143621}.AppStore|iPhone.Build.0 = Release|x64
		{9A0E7A1F-18D3-4D57-B230-78D458143621}.AppStore|iPhone.Deploy.0 = Release|x64
		{9A0E7A1F-18D3-4D57-B230-78D458143621}.AppStore|iPhoneSimulator.ActiveCfg = Release|x64
		{9A0E7A1F-18D3-4D57-B230-78D458143621}.AppStore|iPhoneSimulator.Build.0 = Release|x64
		{9A0E7A1F-18D3-4D57-B230-78D458143621}.AppStore|iPhoneSimulator.Deploy.0 = Release|x64
		{9A0E7A1F-18D3-4D57-B230-78D458143621}.AppStore|x64.ActiveCfg = Release|x64
		{9A0E7A1F-18D3-4D57-B230-78D458143621}.AppStore|x64.Build.0 = Release|x64
		{9A0E7A1F-18D3-4D57-B230-78D458143621}.AppStore|x64.Deploy.0 = Release|x64
		{9A0E7A1F-18D3-4D57-B230-78D458143621}.AppStore|x86.ActiveCfg = Release|x86
		{9A0E7A1F-18D3-4D57-B230-78D458143621}.AppStore|x86.Build.0 = Release|x86
		{9A0E7A1F-18D3-4D57-B230-78D458143621}.AppStore|x86.Deploy.0 = Release|x86
		{9A0E7A1F-18D3-4D57-B230-78D458143621}.Debug|Any CPU.ActiveCfg = Debug|x86
		{9A0E7A1F-18D3-4D57-B230-78D458143621}.Debug|Any CPU.Build.0 = Debug|x86
		{9A0E7A1F-18D3-4D57-B230-78D458143621}.Debug|Any CPU.Deploy.0 = Debug|x86
		{9A0E7A1F-18D3-4D57-B230-78D458143621}.Debug|ARM.ActiveCfg = Debug|ARM
		{9A0E7A1F-18D3-4D57-B230-78D458143621}.Debug|ARM.Build.0 = Debug|ARM
		{9A0E7A1F-18D3-4D57-B230-78D458143621}.Debug|ARM.Deploy.0 = Debug|ARM
		{9A0E7A1F-18D3-4D57-B230-78D458143621}.Debug|iPhone.ActiveCfg = Debug|x86
		{9A0E7A1F-18D3-4D57-B230-78D458143621}.Debug|iPhoneSimulator.ActiveCfg = Debug|x86
		{9A0E7A1F-18D3-4D57-B230-78D458143621}.Debug|x64.ActiveCfg = Debug|x64
		{9A0E7A1F-18D3-4D57-B230-78D458143621}.Debug|x64.Build.0 = Debug|x64
		{9A0E7A1F-18D3-4D57-B230-78D458143621}.Debug|x64.Deploy.0 = Debug|x64
		{9A0E7A1F-18D3-4D57-B230-78D458143621}.Debug|x86.ActiveCfg = Debug|x86
		{9A0E7A1F-18D3-4D57-B230-78D458143621}.Debug|x86.Build.0 = Debug|x86
		{9A0E7A1F-18D3-4D57-B230-78D458143621}.Debug|x86.Deploy.0 = Debug|x86
		{9A0E7A1F-18D3-4D57-B230-78D458143621}.Release|Any CPU.ActiveCfg = Release|x86
		{9A0E7A1F-18D3-4D57-B230-78D458143621}.Release|ARM.ActiveCfg = Release|ARM
		{9A0E7A1F-18D3-4D57-B230-78D458143621}.Release|ARM.Build.0 = Release|ARM
		{9A0E7A1F-18D3-4D57-B230-78D458143621}.Release|ARM.Deploy.0 = Release|ARM
		{9A0E7A1F-18D3-4D57-B230-78D458143621}.Release|iPhone.ActiveCfg = Release|x86
		{9A0E7A1F-18D3-4D57-B230-78D458143621}.Release|iPhoneSimulator.ActiveCfg = Release|x86
		{9A0E7A1F-18D3-4D57-B230-78D458143621}.Release|x64.ActiveCfg = Release|x64
		{9A0E7A1F-18D3-4D57-B230-78D458143621}.Release|x64.Build.0 = Release|x64
		{9A0E7A1F-18D3-4D57-B230-78D458143621}.Release|x64.Deploy.0 = Release|x64
		{9A0E7A1F-18D3-4D57-B230-78D458143621}.Release|x86.ActiveCfg = Release|x86
		{9A0E7A1F-18D3-4D57-B230-78D458143621}.Release|x86.Build.0 = Release|x86
		{9A0E7A1F-18D3-4D57-B230-78D458143621}.Release|x86.Deploy.0 = Release|x86
		{E9832E62-2866-4792-AA05-6BCA6B993967}.Ad-Hoc|Any CPU.ActiveCfg = Release|x64
		{E9832E62-2866-4792-AA05-6BCA6B993967}.Ad-Hoc|Any CPU.Build.0 = Release|x64
		{E9832E62-2866-4792-AA05-6BCA6B993967}.Ad-Hoc|Any CPU.Deploy.0 = Release|x64
		{E9832E62-2866-4792-AA05-6BCA6B993967}.Ad-Hoc|ARM.ActiveCfg = Release|ARM
		{E9832E62-2866-4792-AA05-6BCA6B993967}.Ad-Hoc|ARM.Build.0 = Release|ARM
		{E9832E62-2866-4792-AA05-6BCA6B993967}.Ad-Hoc|ARM.Deploy.0 = Release|ARM
		{E9832E62-2866-4792-AA05-6BCA6B993967}.Ad-Hoc|iPhone.ActiveCfg = Release|x64
		{E9832E62-2866-4792-AA05-6BCA6B993967}.Ad-Hoc|iPhone.Build.0 = Release|x64
		{E9832E62-2866-4792-AA05-6BCA6B993967}.Ad-Hoc|iPhone.Deploy.0 = Release|x64
		{E9832E62-2866-4792-AA05-6BCA6B993967}.Ad-Hoc|iPhoneSimulator.ActiveCfg = Release|x64
		{E9832E62-2866-4792-AA05-6BCA6B993967}.Ad-Hoc|iPhoneSimulator.Build.0 = Release|x64
		{E9832E62-2866-4792-AA05-6BCA6B993967}.Ad-Hoc|iPhoneSimulator.Deploy.0 = Release|x64
		{E9832E62-2866-4792-AA05-6BCA6B993967}.Ad-Hoc|x64.ActiveCfg = Release|x64
		{E9832E62-2866-4792-AA05-6BCA6B993967}.Ad-Hoc|x64.Build.0 = Release|x64
		{E9832E62-2866-4792-AA05-6BCA6B993967}.Ad-Hoc|x64.Deploy.0 = Release|x64
		{E9832E62-2866-4792-AA05-6BCA6B993967}.Ad-Hoc|x86.ActiveCfg = Release|x86
		{E9832E62-2866-4792-AA05-6BCA6B993967}.Ad-Hoc|x86.Build.0 = Release|x86
		{E9832E62-2866-4792-AA05-6BCA6B993967}.Ad-Hoc|x86.Deploy.0 = Release|x86
		{E9832E62-2866-4792-AA05-6BCA6B993967}.AppStore|Any CPU.ActiveCfg = Release|x64
		{E9832E62-2866-4792-AA05-6BCA6B993967}.AppStore|Any CPU.Build.0 = Release|x64
		{E9832E62-2866-4792-AA05-6BCA6B993967}.AppStore|Any CPU.Deploy.0 = Release|x64
		{E9832E62-2866-4792-AA05-6BCA6B993967}.AppStore|ARM.ActiveCfg = Release|ARM
		{E9832E62-2866-4792-AA05-6BCA6B993967}.AppStore|ARM.Build.0 = Release|ARM
		{E9832E62-2866-4792-AA05-6BCA6B993967}.AppStore|ARM.Deploy.0 = Release|ARM
		{E9832E62-2866-4792-AA05-6BCA6B993967}.AppStore|iPhone.ActiveCfg = Release|x64
		{E9832E62-2866-4792-AA05-6BCA6B993967}.AppStore|iPhone.Build.0 = Release|x64
		{E9832E62-2866-4792-AA05-6BCA6B993967}.AppStore|iPhone.Deploy.0 = Release|x64
		{E9832E62-2866-4792-AA05-6BCA6B993967}.AppStore|iPhoneSimulator.ActiveCfg = Release|x64
		{E9832E62-2866-4792-AA05-6BCA6B993967}.AppStore|iPhoneSimulator.Build.0 = Release|x64
		{E9832E62-2866-4792-AA05-6BCA6B993967}.AppStore|iPhoneSimulator.Deploy.0 = Release|x64
		{E9832E62-2866-4792-AA05-6BCA6B993967}.AppStore|x64.ActiveCfg = Release|x64
		{E9832E62-2866-4792-AA05-6BCA6B993967}.AppStore|x64.Build.0 = Release|x64
		{E9832E62-2866-4792-AA05-6BCA6B993967}.AppStore|x64.Deploy.0 = Release|x64
		{E9832E62-2866-4792-AA05-6BCA6B993967}.AppStore|x86.ActiveCfg = Release|x86
		{E9832E62-2866-4792-AA05-6BCA6B993967}.AppStore|x86.Build.0 = Release|x86
		{E9832E62-2866-4792-AA05-6BCA6B993967}.AppStore|x86.Deploy.0 = Release|x86
		{E9832E62-2866-4792-AA05-6BCA6B993967}.Debug|Any CPU.ActiveCfg = Debug|x86
		{E9832E62-2866-4792-AA05-6BCA6B993967}.Debug|Any CPU.Build.0 = Debug|x86
		{E9832E62-2866-4792-AA05-6BCA6B993967}.Debug|Any CPU.Deploy.0 = Debug|x86
		{E9832E62-2866-4792-AA05-6BCA6B993967}.Debug|ARM.ActiveCfg = Debug|ARM
		{E9832E62-2866-4792-AA05-6BCA6B993967}.Debug|ARM.Build.0 = Debug|ARM
		{E9832E62-2866-4792-AA05-6BCA6B993967}.Debug|ARM.Deploy.0 = Debug|ARM
		{E9832E62-2866-4792-AA05-6BCA6B993967}.Debug|iPhone.ActiveCfg = Debug|x86
		{E9832E62-2866-4792-AA05-6BCA6B993967}.Debug|iPhoneSimulator.ActiveCfg = Debug|x86
		{E9832E62-2866-4792-AA05-6BCA6B993967}.Debug|x64.ActiveCfg = Debug|x64
		{E9832E62-2866-4792-AA05-6BCA6B993967}.Debug|x64.Build.0 = Debug|x64
		{E9832E62-2866-4792-AA05-6BCA6B993967}.Debug|x64.Deploy.0 = Debug|x64
		{E9832E62-2866-4792-AA05-6BCA6B993967}.Debug|x86.ActiveCfg = Debug|x86
		{E9832E62-2866-4792-AA05-6BCA6B993967}.Debug|x86.Build.0 = Debug|x86
		{E9832E62-2866-4792-AA05-6BCA6B993967}.Debug|x86.Deploy.0 = Debug|x86
		{E9832E62-2866-4792-AA05-6BCA6B993967}.Release|Any CPU.ActiveCfg = Release|x86
		{E9832E62-2866-4792-AA05-6BCA6B993967}.Release|ARM.ActiveCfg = Release|ARM
		{E9832E62-2866-4792-AA05-6BCA6B993967}.Release|ARM.Build.0 = Release|ARM
		{E9832E62-2866-4792-AA05-6BCA6B993967}.Release|ARM.Deploy.0 = Release|ARM
		{E9832E62-2866-4792-AA05-6BCA6B993967}.Release|iPhone.ActiveCfg = Release|x86
		{E9832E62-2866-4792-AA05-6BCA6B993967}.Release|iPhoneSimulator.ActiveCfg = Release|x86
		{E9832E62-2866-4792-AA05-6BCA6B993967}.Release|x64.ActiveCfg = Release|x64
		{E9832E62-2866-4792-AA05-6BCA6B993967}.Release|x64.Build.0 = Release|x64
		{E9832E62-2866-4792-AA05-6BCA6B993967}.Release|x64.Deploy.0 = Release|x64
		{E9832E62-2866-4792-AA05-6BCA6B993967}.Release|x86.ActiveCfg = Release|x86
		{E9832E62-2866-4792-AA05-6BCA6B993967}.Release|x86.Build.0 = Release|x86
		{E9832E62-2866-4792-AA05-6BCA6B993967}.Release|x86.Deploy.0 = Release|x86
		{1AFB2290-8A98-4410-A385-4F1DC38192FE}.Ad-Hoc|Any CPU.ActiveCfg = Release|Any CPU
		{1AFB2290-8A98-4410-A385-4F1DC38192FE}.Ad-Hoc|Any CPU.Build.0 = Release|Any CPU
		{1AFB2290-8A98-4410-A385-4F1DC38192FE}.Ad-Hoc|Any CPU.Deploy.0 = Release|Any CPU
		{1AFB2290-8A98-4410-A385-4F1DC38192FE}.Ad-Hoc|ARM.ActiveCfg = Release|Any CPU
		{1AFB2290-8A98-4410-A385-4F1DC38192FE}.Ad-Hoc|ARM.Build.0 = Release|Any CPU
		{1AFB2290-8A98-4410-A385-4F1DC38192FE}.Ad-Hoc|ARM.Deploy.0 = Release|Any CPU
		{1AFB2290-8A98-4410-A385-4F1DC38192FE}.Ad-Hoc|iPhone.ActiveCfg = Release|Any CPU
		{1AFB2290-8A98-4410-A385-4F1DC38192FE}.Ad-Hoc|iPhone.Build.0 = Release|Any CPU
		{1AFB2290-8A98-4410-A385-4F1DC38192FE}.Ad-Hoc|iPhone.Deploy.0 = Release|Any CPU
		{1AFB2290-8A98-4410-A385-4F1DC38192FE}.Ad-Hoc|iPhoneSimulator.ActiveCfg = Release|Any CPU
		{1AFB2290-8A98-4410-A385-4F1DC38192FE}.Ad-Hoc|iPhoneSimulator.Build.0 = Release|Any CPU
		{1AFB2290-8A98-4410-A385-4F1DC38192FE}.Ad-Hoc|iPhoneSimulator.Deploy.0 = Release|Any CPU
		{1AFB2290-8A98-4410-A385-4F1DC38192FE}.Ad-Hoc|x64.ActiveCfg = Release|Any CPU
		{1AFB2290-8A98-4410-A385-4F1DC38192FE}.Ad-Hoc|x64.Build.0 = Release|Any CPU
		{1AFB2290-8A98-4410-A385-4F1DC38192FE}.Ad-Hoc|x64.Deploy.0 = Release|Any CPU
		{1AFB2290-8A98-4410-A385-4F1DC38192FE}.Ad-Hoc|x86.ActiveCfg = Release|Any CPU
		{1AFB2290-8A98-4410-A385-4F1DC38192FE}.Ad-Hoc|x86.Build.0 = Release|Any CPU
		{1AFB2290-8A98-4410-A385-4F1DC38192FE}.Ad-Hoc|x86.Deploy.0 = Release|Any CPU
		{1AFB2290-8A98-4410-A385-4F1DC38192FE}.AppStore|Any CPU.ActiveCfg = Release|Any CPU
		{1AFB2290-8A98-4410-A385-4F1DC38192FE}.AppStore|Any CPU.Build.0 = Release|Any CPU
		{1AFB2290-8A98-4410-A385-4F1DC38192FE}.AppStore|Any CPU.Deploy.0 = Release|Any CPU
		{1AFB2290-8A98-4410-A385-4F1DC38192FE}.AppStore|ARM.ActiveCfg = Release|Any CPU
		{1AFB2290-8A98-4410-A385-4F1DC38192FE}.AppStore|ARM.Build.0 = Release|Any CPU
		{1AFB2290-8A98-4410-A385-4F1DC38192FE}.AppStore|ARM.Deploy.0 = Release|Any CPU
		{1AFB2290-8A98-4410-A385-4F1DC38192FE}.AppStore|iPhone.ActiveCfg = Release|Any CPU
		{1AFB2290-8A98-4410-A385-4F1DC38192FE}.AppStore|iPhone.Build.0 = Release|Any CPU
		{1AFB2290-8A98-4410-A385-4F1DC38192FE}.AppStore|iPhone.Deploy.0 = Release|Any CPU
		{1AFB2290-8A98-4410-A385-4F1DC38192FE}.AppStore|iPhoneSimulator.ActiveCfg = Release|Any CPU
		{1AFB2290-8A98-4410-A385-4F1DC38192FE}.AppStore|iPhoneSimulator.Build.0 = Release|Any CPU
		{1AFB2290-8A98-4410-A385-4F1DC38192FE}.AppStore|iPhoneSimulator.Deploy.0 = Release|Any CPU
		{1AFB2290-8A98-4410-A385-4F1DC38192FE}.AppStore|x64.ActiveCfg = Release|Any CPU
		{1AFB2290-8A98-4410-A385-4F1DC38192FE}.AppStore|x64.Build.0 = Release|Any CPU
		{1AFB2290-8A98-4410-A385-4F1DC38192FE}.AppStore|x64.Deploy.0 = Release|Any CPU
		{1AFB2290-8A98-4410-A385-4F1DC38192FE}.AppStore|x86.ActiveCfg = Release|Any CPU
		{1AFB2290-8A98-4410-A385-4F1DC38192FE}.AppStore|x86.Build.0 = Release|Any CPU
		{1AFB2290-8A98-4410-A385-4F1DC38192FE}.AppStore|x86.Deploy.0 = Release|Any CPU
		{1AFB2290-8A98-4410-A385-4F1DC38192FE}.Debug|Any CPU.ActiveCfg = Debug|Any CPU
		{1AFB2290-8A98-4410-A385-4F1DC38192FE}.Debug|Any CPU.Build.0 = Debug|Any CPU
		{1AFB2290-8A98-4410-A385-4F1DC38192FE}.Debug|Any CPU.Deploy.0 = Debug|Any CPU
		{1AFB2290-8A98-4410-A385-4F1DC38192FE}.Debug|ARM.ActiveCfg = Debug|Any CPU
		{1AFB2290-8A98-4410-A385-4F1DC38192FE}.Debug|ARM.Build.0 = Debug|Any CPU
		{1AFB2290-8A98-4410-A385-4F1DC38192FE}.Debug|ARM.Deploy.0 = Debug|Any CPU
		{1AFB2290-8A98-4410-A385-4F1DC38192FE}.Debug|iPhone.ActiveCfg = Debug|Any CPU
		{1AFB2290-8A98-4410-A385-4F1DC38192FE}.Debug|iPhone.Build.0 = Debug|Any CPU
		{1AFB2290-8A98-4410-A385-4F1DC38192FE}.Debug|iPhone.Deploy.0 = Debug|Any CPU
		{1AFB2290-8A98-4410-A385-4F1DC38192FE}.Debug|iPhoneSimulator.ActiveCfg = Debug|Any CPU
		{1AFB2290-8A98-4410-A385-4F1DC38192FE}.Debug|iPhoneSimulator.Build.0 = Debug|Any CPU
		{1AFB2290-8A98-4410-A385-4F1DC38192FE}.Debug|iPhoneSimulator.Deploy.0 = Debug|Any CPU
		{1AFB2290-8A98-4410-A385-4F1DC38192FE}.Debug|x64.ActiveCfg = Debug|Any CPU
		{1AFB2290-8A98-4410-A385-4F1DC38192FE}.Debug|x64.Build.0 = Debug|Any CPU
		{1AFB2290-8A98-4410-A385-4F1DC38192FE}.Debug|x64.Deploy.0 = Debug|Any CPU
		{1AFB2290-8A98-4410-A385-4F1DC38192FE}.Debug|x86.ActiveCfg = Debug|Any CPU
		{1AFB2290-8A98-4410-A385-4F1DC38192FE}.Debug|x86.Build.0 = Debug|Any CPU
		{1AFB2290-8A98-4410-A385-4F1DC38192FE}.Debug|x86.Deploy.0 = Debug|Any CPU
		{1AFB2290-8A98-4410-A385-4F1DC38192FE}.Release|Any CPU.ActiveCfg = Release|Any CPU
		{1AFB2290-8A98-4410-A385-4F1DC38192FE}.Release|Any CPU.Build.0 = Release|Any CPU
		{1AFB2290-8A98-4410-A385-4F1DC38192FE}.Release|Any CPU.Deploy.0 = Release|Any CPU
		{1AFB2290-8A98-4410-A385-4F1DC38192FE}.Release|ARM.ActiveCfg = Release|Any CPU
		{1AFB2290-8A98-4410-A385-4F1DC38192FE}.Release|ARM.Build.0 = Release|Any CPU
		{1AFB2290-8A98-4410-A385-4F1DC38192FE}.Release|ARM.Deploy.0 = Release|Any CPU
		{1AFB2290-8A98-4410-A385-4F1DC38192FE}.Release|iPhone.ActiveCfg = Release|Any CPU
		{1AFB2290-8A98-4410-A385-4F1DC38192FE}.Release|iPhone.Build.0 = Release|Any CPU
		{1AFB2290-8A98-4410-A385-4F1DC38192FE}.Release|iPhone.Deploy.0 = Release|Any CPU
		{1AFB2290-8A98-4410-A385-4F1DC38192FE}.Release|iPhoneSimulator.ActiveCfg = Release|Any CPU
		{1AFB2290-8A98-4410-A385-4F1DC38192FE}.Release|iPhoneSimulator.Build.0 = Release|Any CPU
		{1AFB2290-8A98-4410-A385-4F1DC38192FE}.Release|iPhoneSimulator.Deploy.0 = Release|Any CPU
		{1AFB2290-8A98-4410-A385-4F1DC38192FE}.Release|x64.ActiveCfg = Release|Any CPU
		{1AFB2290-8A98-4410-A385-4F1DC38192FE}.Release|x64.Build.0 = Release|Any CPU
		{1AFB2290-8A98-4410-A385-4F1DC38192FE}.Release|x64.Deploy.0 = Release|Any CPU
		{1AFB2290-8A98-4410-A385-4F1DC38192FE}.Release|x86.ActiveCfg = Release|Any CPU
		{1AFB2290-8A98-4410-A385-4F1DC38192FE}.Release|x86.Build.0 = Release|Any CPU
		{1AFB2290-8A98-4410-A385-4F1DC38192FE}.Release|x86.Deploy.0 = Release|Any CPU
		{17961CD9-DAAA-4259-8075-5D30D12716AF}.Ad-Hoc|Any CPU.ActiveCfg = Ad-Hoc|iPhoneSimulator
		{17961CD9-DAAA-4259-8075-5D30D12716AF}.Ad-Hoc|ARM.ActiveCfg = Ad-Hoc|iPhone
		{17961CD9-DAAA-4259-8075-5D30D12716AF}.Ad-Hoc|iPhone.ActiveCfg = Ad-Hoc|iPhone
		{17961CD9-DAAA-4259-8075-5D30D12716AF}.Ad-Hoc|iPhone.Build.0 = Ad-Hoc|iPhone
		{17961CD9-DAAA-4259-8075-5D30D12716AF}.Ad-Hoc|iPhoneSimulator.ActiveCfg = Ad-Hoc|iPhoneSimulator
		{17961CD9-DAAA-4259-8075-5D30D12716AF}.Ad-Hoc|iPhoneSimulator.Build.0 = Ad-Hoc|iPhoneSimulator
		{17961CD9-DAAA-4259-8075-5D30D12716AF}.Ad-Hoc|x64.ActiveCfg = Ad-Hoc|iPhone
		{17961CD9-DAAA-4259-8075-5D30D12716AF}.Ad-Hoc|x86.ActiveCfg = Ad-Hoc|iPhone
		{17961CD9-DAAA-4259-8075-5D30D12716AF}.AppStore|Any CPU.ActiveCfg = AppStore|iPhoneSimulator
		{17961CD9-DAAA-4259-8075-5D30D12716AF}.AppStore|ARM.ActiveCfg = AppStore|iPhone
		{17961CD9-DAAA-4259-8075-5D30D12716AF}.AppStore|iPhone.ActiveCfg = AppStore|iPhone
		{17961CD9-DAAA-4259-8075-5D30D12716AF}.AppStore|iPhone.Build.0 = AppStore|iPhone
		{17961CD9-DAAA-4259-8075-5D30D12716AF}.AppStore|iPhoneSimulator.ActiveCfg = AppStore|iPhoneSimulator
		{17961CD9-DAAA-4259-8075-5D30D12716AF}.AppStore|iPhoneSimulator.Build.0 = AppStore|iPhoneSimulator
		{17961CD9-DAAA-4259-8075-5D30D12716AF}.AppStore|x64.ActiveCfg = AppStore|iPhone
		{17961CD9-DAAA-4259-8075-5D30D12716AF}.AppStore|x86.ActiveCfg = AppStore|iPhone
		{17961CD9-DAAA-4259-8075-5D30D12716AF}.Debug|Any CPU.ActiveCfg = Debug|iPhoneSimulator
		{17961CD9-DAAA-4259-8075-5D30D12716AF}.Debug|ARM.ActiveCfg = Debug|iPhone
		{17961CD9-DAAA-4259-8075-5D30D12716AF}.Debug|iPhone.ActiveCfg = Debug|iPhone
		{17961CD9-DAAA-4259-8075-5D30D12716AF}.Debug|iPhone.Build.0 = Debug|iPhone
		{17961CD9-DAAA-4259-8075-5D30D12716AF}.Debug|iPhoneSimulator.ActiveCfg = Debug|iPhoneSimulator
		{17961CD9-DAAA-4259-8075-5D30D12716AF}.Debug|iPhoneSimulator.Build.0 = Debug|iPhoneSimulator
		{17961CD9-DAAA-4259-8075-5D30D12716AF}.Debug|x64.ActiveCfg = Debug|iPhone
		{17961CD9-DAAA-4259-8075-5D30D12716AF}.Debug|x86.ActiveCfg = Debug|iPhone
		{17961CD9-DAAA-4259-8075-5D30D12716AF}.Release|Any CPU.ActiveCfg = Release|iPhoneSimulator
		{17961CD9-DAAA-4259-8075-5D30D12716AF}.Release|ARM.ActiveCfg = Release|iPhone
		{17961CD9-DAAA-4259-8075-5D30D12716AF}.Release|iPhone.ActiveCfg = Release|iPhone
		{17961CD9-DAAA-4259-8075-5D30D12716AF}.Release|iPhone.Build.0 = Release|iPhone
		{17961CD9-DAAA-4259-8075-5D30D12716AF}.Release|iPhoneSimulator.ActiveCfg = Release|iPhoneSimulator
		{17961CD9-DAAA-4259-8075-5D30D12716AF}.Release|iPhoneSimulator.Build.0 = Release|iPhoneSimulator
		{17961CD9-DAAA-4259-8075-5D30D12716AF}.Release|x64.ActiveCfg = Release|iPhone
		{17961CD9-DAAA-4259-8075-5D30D12716AF}.Release|x86.ActiveCfg = Release|iPhone
		{04A4DBF6-BB9C-4B79-AFE3-3B9702CC7FAA}.Ad-Hoc|Any CPU.ActiveCfg = Release|x86
		{04A4DBF6-BB9C-4B79-AFE3-3B9702CC7FAA}.Ad-Hoc|Any CPU.Build.0 = Release|x86
		{04A4DBF6-BB9C-4B79-AFE3-3B9702CC7FAA}.Ad-Hoc|Any CPU.Deploy.0 = Release|x86
		{04A4DBF6-BB9C-4B79-AFE3-3B9702CC7FAA}.Ad-Hoc|ARM.ActiveCfg = Release|ARM
		{04A4DBF6-BB9C-4B79-AFE3-3B9702CC7FAA}.Ad-Hoc|ARM.Build.0 = Release|ARM
		{04A4DBF6-BB9C-4B79-AFE3-3B9702CC7FAA}.Ad-Hoc|ARM.Deploy.0 = Release|ARM
		{04A4DBF6-BB9C-4B79-AFE3-3B9702CC7FAA}.Ad-Hoc|iPhone.ActiveCfg = Release|x86
		{04A4DBF6-BB9C-4B79-AFE3-3B9702CC7FAA}.Ad-Hoc|iPhone.Build.0 = Release|x86
		{04A4DBF6-BB9C-4B79-AFE3-3B9702CC7FAA}.Ad-Hoc|iPhone.Deploy.0 = Release|x86
		{04A4DBF6-BB9C-4B79-AFE3-3B9702CC7FAA}.Ad-Hoc|iPhoneSimulator.ActiveCfg = Release|x86
		{04A4DBF6-BB9C-4B79-AFE3-3B9702CC7FAA}.Ad-Hoc|iPhoneSimulator.Build.0 = Release|x86
		{04A4DBF6-BB9C-4B79-AFE3-3B9702CC7FAA}.Ad-Hoc|iPhoneSimulator.Deploy.0 = Release|x86
		{04A4DBF6-BB9C-4B79-AFE3-3B9702CC7FAA}.Ad-Hoc|x64.ActiveCfg = Release|x64
		{04A4DBF6-BB9C-4B79-AFE3-3B9702CC7FAA}.Ad-Hoc|x64.Build.0 = Release|x64
		{04A4DBF6-BB9C-4B79-AFE3-3B9702CC7FAA}.Ad-Hoc|x64.Deploy.0 = Release|x64
		{04A4DBF6-BB9C-4B79-AFE3-3B9702CC7FAA}.Ad-Hoc|x86.ActiveCfg = Release|x86
		{04A4DBF6-BB9C-4B79-AFE3-3B9702CC7FAA}.Ad-Hoc|x86.Build.0 = Release|x86
		{04A4DBF6-BB9C-4B79-AFE3-3B9702CC7FAA}.Ad-Hoc|x86.Deploy.0 = Release|x86
		{04A4DBF6-BB9C-4B79-AFE3-3B9702CC7FAA}.AppStore|Any CPU.ActiveCfg = Release|x86
		{04A4DBF6-BB9C-4B79-AFE3-3B9702CC7FAA}.AppStore|Any CPU.Build.0 = Release|x86
		{04A4DBF6-BB9C-4B79-AFE3-3B9702CC7FAA}.AppStore|Any CPU.Deploy.0 = Release|x86
		{04A4DBF6-BB9C-4B79-AFE3-3B9702CC7FAA}.AppStore|ARM.ActiveCfg = Release|ARM
		{04A4DBF6-BB9C-4B79-AFE3-3B9702CC7FAA}.AppStore|ARM.Build.0 = Release|ARM
		{04A4DBF6-BB9C-4B79-AFE3-3B9702CC7FAA}.AppStore|ARM.Deploy.0 = Release|ARM
		{04A4DBF6-BB9C-4B79-AFE3-3B9702CC7FAA}.AppStore|iPhone.ActiveCfg = Release|x86
		{04A4DBF6-BB9C-4B79-AFE3-3B9702CC7FAA}.AppStore|iPhone.Build.0 = Release|x86
		{04A4DBF6-BB9C-4B79-AFE3-3B9702CC7FAA}.AppStore|iPhone.Deploy.0 = Release|x86
		{04A4DBF6-BB9C-4B79-AFE3-3B9702CC7FAA}.AppStore|iPhoneSimulator.ActiveCfg = Release|x86
		{04A4DBF6-BB9C-4B79-AFE3-3B9702CC7FAA}.AppStore|iPhoneSimulator.Build.0 = Release|x86
		{04A4DBF6-BB9C-4B79-AFE3-3B9702CC7FAA}.AppStore|iPhoneSimulator.Deploy.0 = Release|x86
		{04A4DBF6-BB9C-4B79-AFE3-3B9702CC7FAA}.AppStore|x64.ActiveCfg = Release|x64
		{04A4DBF6-BB9C-4B79-AFE3-3B9702CC7FAA}.AppStore|x64.Build.0 = Release|x64
		{04A4DBF6-BB9C-4B79-AFE3-3B9702CC7FAA}.AppStore|x64.Deploy.0 = Release|x64
		{04A4DBF6-BB9C-4B79-AFE3-3B9702CC7FAA}.AppStore|x86.ActiveCfg = Release|x86
		{04A4DBF6-BB9C-4B79-AFE3-3B9702CC7FAA}.AppStore|x86.Build.0 = Release|x86
		{04A4DBF6-BB9C-4B79-AFE3-3B9702CC7FAA}.AppStore|x86.Deploy.0 = Release|x86
		{04A4DBF6-BB9C-4B79-AFE3-3B9702CC7FAA}.Debug|Any CPU.ActiveCfg = Debug|x86
		{04A4DBF6-BB9C-4B79-AFE3-3B9702CC7FAA}.Debug|ARM.ActiveCfg = Debug|ARM
		{04A4DBF6-BB9C-4B79-AFE3-3B9702CC7FAA}.Debug|ARM.Build.0 = Debug|ARM
		{04A4DBF6-BB9C-4B79-AFE3-3B9702CC7FAA}.Debug|ARM.Deploy.0 = Debug|ARM
		{04A4DBF6-BB9C-4B79-AFE3-3B9702CC7FAA}.Debug|iPhone.ActiveCfg = Debug|x86
		{04A4DBF6-BB9C-4B79-AFE3-3B9702CC7FAA}.Debug|iPhoneSimulator.ActiveCfg = Debug|x86
		{04A4DBF6-BB9C-4B79-AFE3-3B9702CC7FAA}.Debug|x64.ActiveCfg = Debug|x64
		{04A4DBF6-BB9C-4B79-AFE3-3B9702CC7FAA}.Debug|x64.Build.0 = Debug|x64
		{04A4DBF6-BB9C-4B79-AFE3-3B9702CC7FAA}.Debug|x64.Deploy.0 = Debug|x64
		{04A4DBF6-BB9C-4B79-AFE3-3B9702CC7FAA}.Debug|x86.ActiveCfg = Debug|x86
		{04A4DBF6-BB9C-4B79-AFE3-3B9702CC7FAA}.Debug|x86.Build.0 = Debug|x86
		{04A4DBF6-BB9C-4B79-AFE3-3B9702CC7FAA}.Debug|x86.Deploy.0 = Debug|x86
		{04A4DBF6-BB9C-4B79-AFE3-3B9702CC7FAA}.Release|Any CPU.ActiveCfg = Release|x86
		{04A4DBF6-BB9C-4B79-AFE3-3B9702CC7FAA}.Release|ARM.ActiveCfg = Release|ARM
		{04A4DBF6-BB9C-4B79-AFE3-3B9702CC7FAA}.Release|ARM.Build.0 = Release|ARM
		{04A4DBF6-BB9C-4B79-AFE3-3B9702CC7FAA}.Release|ARM.Deploy.0 = Release|ARM
		{04A4DBF6-BB9C-4B79-AFE3-3B9702CC7FAA}.Release|iPhone.ActiveCfg = Release|x86
		{04A4DBF6-BB9C-4B79-AFE3-3B9702CC7FAA}.Release|iPhoneSimulator.ActiveCfg = Release|x86
		{04A4DBF6-BB9C-4B79-AFE3-3B9702CC7FAA}.Release|x64.ActiveCfg = Release|x64
		{04A4DBF6-BB9C-4B79-AFE3-3B9702CC7FAA}.Release|x64.Build.0 = Release|x64
		{04A4DBF6-BB9C-4B79-AFE3-3B9702CC7FAA}.Release|x64.Deploy.0 = Release|x64
		{04A4DBF6-BB9C-4B79-AFE3-3B9702CC7FAA}.Release|x86.ActiveCfg = Release|x86
		{04A4DBF6-BB9C-4B79-AFE3-3B9702CC7FAA}.Release|x86.Build.0 = Release|x86
		{04A4DBF6-BB9C-4B79-AFE3-3B9702CC7FAA}.Release|x86.Deploy.0 = Release|x86
	EndGlobalSection
	GlobalSection(SolutionProperties) = preSolution
		HideSolutionNode = FALSE
	EndGlobalSection
	GlobalSection(NestedProjects) = preSolution
		{3D8D7730-C4EF-428F-BBC5-22D31BC7F7E3} = {6F612D30-F789-4F72-8024-E02E4703333D}
		{1AFB2290-8A98-4410-A385-4F1DC38192FE} = {6F612D30-F789-4F72-8024-E02E4703333D}
		{17961CD9-DAAA-4259-8075-5D30D12716AF} = {6F612D30-F789-4F72-8024-E02E4703333D}
		{04A4DBF6-BB9C-4B79-AFE3-3B9702CC7FAA} = {6F612D30-F789-4F72-8024-E02E4703333D}
	EndGlobalSection
	GlobalSection(ExtensibilityGlobals) = postSolution
		SolutionGuid = {D1EAE8B7-BE11-4863-BD48-F51382F2C99D}
	EndGlobalSection
EndGlobal
