
Microsoft Visual Studio Solution File, Format Version 12.00
# Visual Studio 15
VisualStudioVersion = 15.0.27004.2009
MinimumVisualStudioVersion = 10.0.40219.1
Project("{FAE04EC0-301F-11D3-BF4B-00C04F79EFBC}") = "WpfAppStudents", "WpfAppStudents\WpfAppStudents.csproj", "{1B600A3C-E6CF-46A0-BC24-724F8DD2489B}"
EndProject
Project("{FAE04EC0-301F-11D3-BF4B-00C04F79EFBC}") = "WpfAppCounter", "WpfAppCounter\WpfAppCounter.csproj", "{B209F740-79E6-49BD-9B47-9218CA6F0588}"
EndProject
Project("{FAE04EC0-301F-11D3-BF4B-00C04F79EFBC}") = "WpfAppListOfNumbers", "WpfAppListOfNumbers\WpfAppListOfNumbers.csproj", "{DEC6E8F4-14D3-4D98-8FFA-01D6587774EE}"
EndProject
Project("{FAE04EC0-301F-11D3-BF4B-00C04F79EFBC}") = "WpfAppStudentTemplate", "WpfAppStudentTemplate\WpfAppStudentTemplate.csproj", "{07EAF3DE-3A1A-431A-9ABD-5521BB40FEE6}"
EndProject
Project("{FAE04EC0-301F-11D3-BF4B-00C04F79EFBC}") = "UwpAppStudents", "UwpAppStudents\UwpAppStudents.csproj", "{9A0E7A1F-18D3-4D57-B230-78D458143621}"
EndProject
Global
	GlobalSection(SolutionConfigurationPlatforms) = preSolution
		Debug|Any CPU = Debug|Any CPU
		Debug|ARM = Debug|ARM
		Debug|x64 = Debug|x64
		Debug|x86 = Debug|x86
		Release|Any CPU = Release|Any CPU
		Release|ARM = Release|ARM
		Release|x64 = Release|x64
		Release|x86 = Release|x86
	EndGlobalSection
	GlobalSection(ProjectConfigurationPlatforms) = postSolution
		{1B600A3C-E6CF-46A0-BC24-724F8DD2489B}.Debug|Any CPU.ActiveCfg = Debug|Any CPU
		{1B600A3C-E6CF-46A0-BC24-724F8DD2489B}.Debug|Any CPU.Build.0 = Debug|Any CPU
		{1B600A3C-E6CF-46A0-BC24-724F8DD2489B}.Debug|ARM.ActiveCfg = Debug|Any CPU
		{1B600A3C-E6CF-46A0-BC24-724F8DD2489B}.Debug|ARM.Build.0 = Debug|Any CPU
		{1B600A3C-E6CF-46A0-BC24-724F8DD2489B}.Debug|x64.ActiveCfg = Debug|Any CPU
		{1B600A3C-E6CF-46A0-BC24-724F8DD2489B}.Debug|x64.Build.0 = Debug|Any CPU
		{1B600A3C-E6CF-46A0-BC24-724F8DD2489B}.Debug|x86.ActiveCfg = Debug|Any CPU
		{1B600A3C-E6CF-46A0-BC24-724F8DD2489B}.Debug|x86.Build.0 = Debug|Any CPU
		{1B600A3C-E6CF-46A0-BC24-724F8DD2489B}.Release|Any CPU.ActiveCfg = Release|Any CPU
		{1B600A3C-E6CF-46A0-BC24-724F8DD2489B}.Release|Any CPU.Build.0 = Release|Any CPU
		{1B600A3C-E6CF-46A0-BC24-724F8DD2489B}.Release|ARM.ActiveCfg = Release|Any CPU
		{1B600A3C-E6CF-46A0-BC24-724F8DD2489B}.Release|ARM.Build.0 = Release|Any CPU
		{1B600A3C-E6CF-46A0-BC24-724F8DD2489B}.Release|x64.ActiveCfg = Release|Any CPU
		{1B600A3C-E6CF-46A0-BC24-724F8DD2489B}.Release|x64.Build.0 = Release|Any CPU
		{1B600A3C-E6CF-46A0-BC24-724F8DD2489B}.Release|x86.ActiveCfg = Release|Any CPU
		{1B600A3C-E6CF-46A0-BC24-724F8DD2489B}.Release|x86.Build.0 = Release|Any CPU
		{B209F740-79E6-49BD-9B47-9218CA6F0588}.Debug|Any CPU.ActiveCfg = Debug|Any CPU
		{B209F740-79E6-49BD-9B47-9218CA6F0588}.Debug|Any CPU.Build.0 = Debug|Any CPU
		{B209F740-79E6-49BD-9B47-9218CA6F0588}.Debug|ARM.ActiveCfg = Debug|Any CPU
		{B209F740-79E6-49BD-9B47-9218CA6F0588}.Debug|ARM.Build.0 = Debug|Any CPU
		{B209F740-79E6-49BD-9B47-9218CA6F0588}.Debug|x64.ActiveCfg = Debug|Any CPU
		{B209F740-79E6-49BD-9B47-9218CA6F0588}.Debug|x64.Build.0 = Debug|Any CPU
		{B209F740-79E6-49BD-9B47-9218CA6F0588}.Debug|x86.ActiveCfg = Debug|Any CPU
		{B209F740-79E6-49BD-9B47-9218CA6F0588}.Debug|x86.Build.0 = Debug|Any CPU
		{B209F740-79E6-49BD-9B47-9218CA6F0588}.Release|Any CPU.ActiveCfg = Release|Any CPU
		{B209F740-79E6-49BD-9B47-9218CA6F0588}.Release|Any CPU.Build.0 = Release|Any CPU
		{B209F740-79E6-49BD-9B47-9218CA6F0588}.Release|ARM.ActiveCfg = Release|Any CPU
		{B209F740-79E6-49BD-9B47-9218CA6F0588}.Release|ARM.Build.0 = Release|Any CPU
		{B209F740-79E6-49BD-9B47-9218CA6F0588}.Release|x64.ActiveCfg = Release|Any CPU
		{B209F740-79E6-49BD-9B47-9218CA6F0588}.Release|x64.Build.0 = Release|Any CPU
		{B209F740-79E6-49BD-9B47-9218CA6F0588}.Release|x86.ActiveCfg = Release|Any CPU
		{B209F740-79E6-49BD-9B47-9218CA6F0588}.Release|x86.Build.0 = Release|Any CPU
		{DEC6E8F4-14D3-4D98-8FFA-01D6587774EE}.Debug|Any CPU.ActiveCfg = Debug|Any CPU
		{DEC6E8F4-14D3-4D98-8FFA-01D6587774EE}.Debug|Any CPU.Build.0 = Debug|Any CPU
		{DEC6E8F4-14D3-4D98-8FFA-01D6587774EE}.Debug|ARM.ActiveCfg = Debug|Any CPU
		{DEC6E8F4-14D3-4D98-8FFA-01D6587774EE}.Debug|ARM.Build.0 = Debug|Any CPU
		{DEC6E8F4-14D3-4D98-8FFA-01D6587774EE}.Debug|x64.ActiveCfg = Debug|Any CPU
		{DEC6E8F4-14D3-4D98-8FFA-01D6587774EE}.Debug|x64.Build.0 = Debug|Any CPU
		{DEC6E8F4-14D3-4D98-8FFA-01D6587774EE}.Debug|x86.ActiveCfg = Debug|Any CPU
		{DEC6E8F4-14D3-4D98-8FFA-01D6587774EE}.Debug|x86.Build.0 = Debug|Any CPU
		{DEC6E8F4-14D3-4D98-8FFA-01D6587774EE}.Release|Any CPU.ActiveCfg = Release|Any CPU
		{DEC6E8F4-14D3-4D98-8FFA-01D6587774EE}.Release|Any CPU.Build.0 = Release|Any CPU
		{DEC6E8F4-14D3-4D98-8FFA-01D6587774EE}.Release|ARM.ActiveCfg = Release|Any CPU
		{DEC6E8F4-14D3-4D98-8FFA-01D6587774EE}.Release|ARM.Build.0 = Release|Any CPU
		{DEC6E8F4-14D3-4D98-8FFA-01D6587774EE}.Release|x64.ActiveCfg = Release|Any CPU
		{DEC6E8F4-14D3-4D98-8FFA-01D6587774EE}.Release|x64.Build.0 = Release|Any CPU
		{DEC6E8F4-14D3-4D98-8FFA-01D6587774EE}.Release|x86.ActiveCfg = Release|Any CPU
		{DEC6E8F4-14D3-4D98-8FFA-01D6587774EE}.Release|x86.Build.0 = Release|Any CPU
		{07EAF3DE-3A1A-431A-9ABD-5521BB40FEE6}.Debug|Any CPU.ActiveCfg = Debug|Any CPU
		{07EAF3DE-3A1A-431A-9ABD-5521BB40FEE6}.Debug|Any CPU.Build.0 = Debug|Any CPU
		{07EAF3DE-3A1A-431A-9ABD-5521BB40FEE6}.Debug|ARM.ActiveCfg = Debug|Any CPU
		{07EAF3DE-3A1A-431A-9ABD-5521BB40FEE6}.Debug|ARM.Build.0 = Debug|Any CPU
		{07EAF3DE-3A1A-431A-9ABD-5521BB40FEE6}.Debug|x64.ActiveCfg = Debug|Any CPU
		{07EAF3DE-3A1A-431A-9ABD-5521BB40FEE6}.Debug|x64.Build.0 = Debug|Any CPU
		{07EAF3DE-3A1A-431A-9ABD-5521BB40FEE6}.Debug|x86.ActiveCfg = Debug|Any CPU
		{07EAF3DE-3A1A-431A-9ABD-5521BB40FEE6}.Debug|x86.Build.0 = Debug|Any CPU
		{07EAF3DE-3A1A-431A-9ABD-5521BB40FEE6}.Release|Any CPU.ActiveCfg = Release|Any CPU
		{07EAF3DE-3A1A-431A-9ABD-5521BB40FEE6}.Release|Any CPU.Build.0 = Release|Any CPU
		{07EAF3DE-3A1A-431A-9ABD-5521BB40FEE6}.Release|ARM.ActiveCfg = Release|Any CPU
		{07EAF3DE-3A1A-431A-9ABD-5521BB40FEE6}.Release|ARM.Build.0 = Release|Any CPU
		{07EAF3DE-3A1A-431A-9ABD-5521BB40FEE6}.Release|x64.ActiveCfg = Release|Any CPU
		{07EAF3DE-3A1A-431A-9ABD-5521BB40FEE6}.Release|x64.Build.0 = Release|Any CPU
		{07EAF3DE-3A1A-431A-9ABD-5521BB40FEE6}.Release|x86.ActiveCfg = Release|Any CPU
		{07EAF3DE-3A1A-431A-9ABD-5521BB40FEE6}.Release|x86.Build.0 = Release|Any CPU
		{9A0E7A1F-18D3-4D57-B230-78D458143621}.Debug|Any CPU.ActiveCfg = Debug|x86
		{9A0E7A1F-18D3-4D57-B230-78D458143621}.Debug|Any CPU.Build.0 = Debug|x86
		{9A0E7A1F-18D3-4D57-B230-78D458143621}.Debug|Any CPU.Deploy.0 = Debug|x86
		{9A0E7A1F-18D3-4D57-B230-78D458143621}.Debug|ARM.ActiveCfg = Debug|ARM
		{9A0E7A1F-18D3-4D57-B230-78D458143621}.Debug|ARM.Build.0 = Debug|ARM
		{9A0E7A1F-18D3-4D57-B230-78D458143621}.Debug|ARM.Deploy.0 = Debug|ARM
		{9A0E7A1F-18D3-4D57-B230-78D458143621}.Debug|x64.ActiveCfg = Debug|x64
		{9A0E7A1F-18D3-4D57-B230-78D458143621}.Debug|x64.Build.0 = Debug|x64
		{9A0E7A1F-18D3-4D57-B230-78D458143621}.Debug|x64.Deploy.0 = Debug|x64
		{9A0E7A1F-18D3-4D57-B230-78D458143621}.Debug|x86.ActiveCfg = Debug|x86
		{9A0E7A1F-18D3-4D57-B230-78D458143621}.Debug|x86.Build.0 = Debug|x86
		{9A0E7A1F-18D3-4D57-B230-78D458143621}.Debug|x86.Deploy.0 = Debug|x86
		{9A0E7A1F-18D3-4D57-B230-78D458143621}.Release|Any CPU.ActiveCfg = Release|x86
		{9A0E7A1F-18D3-4D57-B230-78D458143621}.Release|ARM.ActiveCfg = Release|ARM
		{9A0E7A1F-18D3-4D57-B230-78D458143621}.Release|ARM.Build.0 = Release|ARM
		{9A0E7A1F-18D3-4D57-B230-78D458143621}.Release|ARM.Deploy.0 = Release|ARM
		{9A0E7A1F-18D3-4D57-B230-78D458143621}.Release|x64.ActiveCfg = Release|x64
		{9A0E7A1F-18D3-4D57-B230-78D458143621}.Release|x64.Build.0 = Release|x64
		{9A0E7A1F-18D3-4D57-B230-78D458143621}.Release|x64.Deploy.0 = Release|x64
		{9A0E7A1F-18D3-4D57-B230-78D458143621}.Release|x86.ActiveCfg = Release|x86
		{9A0E7A1F-18D3-4D57-B230-78D458143621}.Release|x86.Build.0 = Release|x86
		{9A0E7A1F-18D3-4D57-B230-78D458143621}.Release|x86.Deploy.0 = Release|x86
	EndGlobalSection
	GlobalSection(SolutionProperties) = preSolution
		HideSolutionNode = FALSE
	EndGlobalSection
	GlobalSection(ExtensibilityGlobals) = postSolution
		SolutionGuid = {D1EAE8B7-BE11-4863-BD48-F51382F2C99D}
	EndGlobalSection
EndGlobal
